
Microsoft Visual Studio Solution File, Format Version 11.00
# Visual Studio 2010
Project("{FAE04EC0-301F-11D3-BF4B-00C04F79EFBC}") = "NHibernate.Test-Lite", "NHibernate.Test-Lite.csproj", "{7AEE5B37-C552-4E59-9B6F-88755BCB5070}"
EndProject
Project("{FAE04EC0-301F-11D3-BF4B-00C04F79EFBC}") = "NHibernate.Test", "..\NHibernate-3.2.0.GA-src\src\NHibernate.Test\NHibernate.Test.csproj", "{82C7185D-49F4-46BE-93DB-B0073D23C048}"
EndProject
Global
	GlobalSection(SolutionConfigurationPlatforms) = preSolution
		Debug|Any CPU = Debug|Any CPU
		Release|Any CPU = Release|Any CPU
	EndGlobalSection
	GlobalSection(ProjectConfigurationPlatforms) = postSolution
		{7AEE5B37-C552-4E59-9B6F-88755BCB5070}.Debug|Any CPU.ActiveCfg = Debug|Any CPU
		{7AEE5B37-C552-4E59-9B6F-88755BCB5070}.Debug|Any CPU.Build.0 = Debug|Any CPU
		{7AEE5B37-C552-4E59-9B6F-88755BCB5070}.Release|Any CPU.ActiveCfg = Release|Any CPU
		{7AEE5B37-C552-4E59-9B6F-88755BCB5070}.Release|Any CPU.Build.0 = Release|Any CPU
		{82C7185D-49F4-46BE-93DB-B0073D23C048}.Debug|Any CPU.ActiveCfg = Debug|Any CPU
		{82C7185D-49F4-46BE-93DB-B0073D23C048}.Debug|Any CPU.Build.0 = Debug|Any CPU
		{82C7185D-49F4-46BE-93DB-B0073D23C048}.Release|Any CPU.ActiveCfg = Release|Any CPU
		{82C7185D-49F4-46BE-93DB-B0073D23C048}.Release|Any CPU.Build.0 = Release|Any CPU
	EndGlobalSection
	GlobalSection(SolutionProperties) = preSolution
		HideSolutionNode = FALSE
	EndGlobalSection
EndGlobal
